
Microsoft Visual Studio Solution File, Format Version 12.00
# Visual Studio Version 16
VisualStudioVersion = 16.0.30225.117
MinimumVisualStudioVersion = 10.0.40219.1
Project("{FAE04EC0-301F-11D3-BF4B-00C04F79EFBC}") = "CaseStudy", "CaseStudy\CaseStudy.csproj", "{7CCC70B0-BE6C-410F-8547-B40F5EEC6F20}"
EndProject
Global
	GlobalSection(SolutionConfigurationPlatforms) = preSolution
		Debug|Any CPU = Debug|Any CPU
		Release|Any CPU = Release|Any CPU
	EndGlobalSection
	GlobalSection(ProjectConfigurationPlatforms) = postSolution
		{7CCC70B0-BE6C-410F-8547-B40F5EEC6F20}.Debug|Any CPU.ActiveCfg = Debug|Any CPU
		{7CCC70B0-BE6C-410F-8547-B40F5EEC6F20}.Debug|Any CPU.Build.0 = Debug|Any CPU
		{7CCC70B0-BE6C-410F-8547-B40F5EEC6F20}.Release|Any CPU.ActiveCfg = Release|Any CPU
		{7CCC70B0-BE6C-410F-8547-B40F5EEC6F20}.Release|Any CPU.Build.0 = Release|Any CPU
	EndGlobalSection
	GlobalSection(SolutionProperties) = preSolution
		HideSolutionNode = FALSE
	EndGlobalSection
	GlobalSection(ExtensibilityGlobals) = postSolution
		SolutionGuid = {5A800F27-1510-4387-851B-0CE04D650E85}
	EndGlobalSection
EndGlobal
